# THIS IS AN AUTOGENERATED FILE. DO NOT EDIT THIS FILE DIRECTLY.
# yarn lockfile v1


"@types/prop-types@*":
  version "15.7.3"
  resolved "https://registry.yarnpkg.com/@types/prop-types/-/prop-types-15.7.3.tgz#2ab0d5da2e5815f94b0b9d4b95d1e5f243ab2ca7"
  integrity sha512-KfRL3PuHmqQLOG+2tGpRO26Ctg+Cq1E01D2DMriKEATHgWLfeNDmq9e29Q9WIky0dQ3NPkd1mzYH8Lm936Z9qw==

"@types/react@^18.0.9":
  version "18.0.9"
  resolved "https://registry.yarnpkg.com/@types/react/-/react-18.0.9.tgz#d6712a38bd6cd83469603e7359511126f122e878"
  integrity sha512-9bjbg1hJHUm4De19L1cHiW0Jvx3geel6Qczhjd0qY5VKVE2X5+x77YxAepuCwVh4vrgZJdgEJw48zrhRIeF4Nw==
  dependencies:
    "@types/prop-types" "*"
    "@types/scheduler" "*"
    csstype "^3.0.2"

"@types/scheduler@*":
  version "0.16.1"
  resolved "https://registry.yarnpkg.com/@types/scheduler/-/scheduler-0.16.1.tgz#18845205e86ff0038517aab7a18a62a6b9f71275"
  integrity sha512-EaCxbanVeyxDRTQBkdLb3Bvl/HK7PBK6UJjsSixB0iHKoWxE5uu2Q/DgtpOhPIojN0Zl1whvOd7PoHs2P0s5eA==

csstype@^3.0.2:
  version "3.0.8"
  resolved "https://registry.yarnpkg.com/csstype/-/csstype-3.0.8.tgz#d2266a792729fb227cd216fb572f43728e1ad340"
  integrity sha512-jXKhWqXPmlUeoQnF/EhTtTl4C9SnrxSH/jZUih3jmO6lBKr99rP3/+FmrMj4EFpOXzMtXHAZkd3x0E6h6Fgflw==

esbuild-android-64@0.14.42:
  version "0.14.42"
  resolved "https://registry.yarnpkg.com/esbuild-android-64/-/esbuild-android-64-0.14.42.tgz#d7ab3d44d3671218d22bce52f65642b12908d954"
  integrity sha512-P4Y36VUtRhK/zivqGVMqhptSrFILAGlYp0Z8r9UQqHJ3iWztRCNWnlBzD9HRx0DbueXikzOiwyOri+ojAFfW6A==

esbuild-android-arm64@0.14.42:
  version "0.14.42"
  resolved "https://registry.yarnpkg.com/esbuild-android-arm64/-/esbuild-android-arm64-0.14.42.tgz#45336d8bec49abddb3a022996a23373f45a57c27"
  integrity sha512-0cOqCubq+RWScPqvtQdjXG3Czb3AWI2CaKw3HeXry2eoA2rrPr85HF7IpdU26UWdBXgPYtlTN1LUiuXbboROhg==

esbuild-darwin-64@0.14.42:
  version "0.14.42"
  resolved "https://registry.yarnpkg.com/esbuild-darwin-64/-/esbuild-darwin-64-0.14.42.tgz#6dff5e44cd70a88c33323e2f5fb598e40c68a9e0"
  integrity sha512-ipiBdCA3ZjYgRfRLdQwP82rTiv/YVMtW36hTvAN5ZKAIfxBOyPXY7Cejp3bMXWgzKD8B6O+zoMzh01GZsCuEIA==

esbuild-darwin-arm64@0.14.42:
  version "0.14.42"
  resolved "https://registry.yarnpkg.com/esbuild-darwin-arm64/-/esbuild-darwin-arm64-0.14.42.tgz#2c7313e1b12d2fa5b889c03213d682fb92ca8c4f"
  integrity sha512-bU2tHRqTPOaoH/4m0zYHbFWpiYDmaA0gt90/3BMEFaM0PqVK/a6MA2V/ypV5PO0v8QxN6gH5hBPY4YJ2lopXgA==

esbuild-freebsd-64@0.14.42:
  version "0.14.42"
  resolved "https://registry.yarnpkg.com/esbuild-freebsd-64/-/esbuild-freebsd-64-0.14.42.tgz#ad1c5a564a7e473b8ce95ee7f76618d05d6daffc"
  integrity sha512-75h1+22Ivy07+QvxHyhVqOdekupiTZVLN1PMwCDonAqyXd8TVNJfIRFrdL8QmSJrOJJ5h8H1I9ETyl2L8LQDaw==

esbuild-freebsd-arm64@0.14.42:
  version "0.14.42"
  resolved "https://registry.yarnpkg.com/esbuild-freebsd-arm64/-/esbuild-freebsd-arm64-0.14.42.tgz#4bdb480234144f944f1930829bace7561135ddc7"
  integrity sha512-W6Jebeu5TTDQMJUJVarEzRU9LlKpNkPBbjqSu+GUPTHDCly5zZEQq9uHkmHHl7OKm+mQ2zFySN83nmfCeZCyNA==

esbuild-linux-32@0.14.42:
  version "0.14.42"
  resolved "https://registry.yarnpkg.com/esbuild-linux-32/-/esbuild-linux-32-0.14.42.tgz#ef18fd19f067e9d2b5f677d6b82fa81519f5a8c2"
  integrity sha512-Ooy/Bj+mJ1z4jlWcK5Dl6SlPlCgQB9zg1UrTCeY8XagvuWZ4qGPyYEWGkT94HUsRi2hKsXvcs6ThTOjBaJSMfg==

esbuild-linux-64@0.14.42:
  version "0.14.42"
  resolved "https://registry.yarnpkg.com/esbuild-linux-64/-/esbuild-linux-64-0.14.42.tgz#d84e7333b1c1b22cf8b5b9dbb5dd9b2ecb34b79f"
  integrity sha512-2L0HbzQfbTuemUWfVqNIjOfaTRt9zsvjnme6lnr7/MO9toz/MJ5tZhjqrG6uDWDxhsaHI2/nsDgrv8uEEN2eoA==

esbuild-linux-arm64@0.14.42:
  version "0.14.42"
  resolved "https://registry.yarnpkg.com/esbuild-linux-arm64/-/esbuild-linux-arm64-0.14.42.tgz#dc19e282f8c4ffbaa470c02a4d171e4ae0180cca"
  integrity sha512-c3Ug3e9JpVr8jAcfbhirtpBauLxzYPpycjWulD71CF6ZSY26tvzmXMJYooQ2YKqDY4e/fPu5K8bm7MiXMnyxuA==

esbuild-linux-arm@0.14.42:
  version "0.14.42"
  resolved "https://registry.yarnpkg.com/esbuild-linux-arm/-/esbuild-linux-arm-0.14.42.tgz#d49870e63e2242b8156bf473f2ee5154226be328"
  integrity sha512-STq69yzCMhdRaWnh29UYrLSr/qaWMm/KqwaRF1pMEK7kDiagaXhSL1zQGXbYv94GuGY/zAwzK98+6idCMUOOCg==

esbuild-linux-mips64le@0.14.42:
  version "0.14.42"
  resolved "https://registry.yarnpkg.com/esbuild-linux-mips64le/-/esbuild-linux-mips64le-0.14.42.tgz#f4e6ff9bf8a6f175470498826f48d093b054fc22"
  integrity sha512-QuvpHGbYlkyXWf2cGm51LBCHx6eUakjaSrRpUqhPwjh/uvNUYvLmz2LgPTTPwCqaKt0iwL+OGVL0tXA5aDbAbg==

esbuild-linux-ppc64le@0.14.42:
  version "0.14.42"
  resolved "https://registry.yarnpkg.com/esbuild-linux-ppc64le/-/esbuild-linux-ppc64le-0.14.42.tgz#ac9c66fc80ba9f8fda15a4cc08f4e55f6c0aed63"
  integrity sha512-8ohIVIWDbDT+i7lCx44YCyIRrOW1MYlks9fxTo0ME2LS/fxxdoJBwHWzaDYhjvf8kNpA+MInZvyOEAGoVDrMHg==

esbuild-linux-riscv64@0.14.42:
  version "0.14.42"
  resolved "https://registry.yarnpkg.com/esbuild-linux-riscv64/-/esbuild-linux-riscv64-0.14.42.tgz#21e0ae492a3a9bf4eecbfc916339a66e204256d0"
  integrity sha512-DzDqK3TuoXktPyG1Lwx7vhaF49Onv3eR61KwQyxYo4y5UKTpL3NmuarHSIaSVlTFDDpcIajCDwz5/uwKLLgKiQ==

esbuild-linux-s390x@0.14.42:
  version "0.14.42"
  resolved "https://registry.yarnpkg.com/esbuild-linux-s390x/-/esbuild-linux-s390x-0.14.42.tgz#06d40b957250ffd9a2183bfdfc9a03d6fd21b3e8"
  integrity sha512-YFRhPCxl8nb//Wn6SiS5pmtplBi4z9yC2gLrYoYI/tvwuB1jldir9r7JwAGy1Ck4D7sE7wBN9GFtUUX/DLdcEQ==

esbuild-netbsd-64@0.14.42:
  version "0.14.42"
  resolved "https://registry.yarnpkg.com/esbuild-netbsd-64/-/esbuild-netbsd-64-0.14.42.tgz#185664f05f10914f14ed43bd9e22b7de584267f7"
  integrity sha512-QYSD2k+oT9dqB/4eEM9c+7KyNYsIPgzYOSrmfNGDIyJrbT1d+CFVKvnKahDKNJLfOYj8N4MgyFaU9/Ytc6w5Vw==

esbuild-openbsd-64@0.14.42:
  version "0.14.42"
  resolved "https://registry.yarnpkg.com/esbuild-openbsd-64/-/esbuild-openbsd-64-0.14.42.tgz#c29006f659eb4e55283044bbbd4eb4054fae8839"
  integrity sha512-M2meNVIKWsm2HMY7+TU9AxM7ZVwI9havdsw6m/6EzdXysyCFFSoaTQ/Jg03izjCsK17FsVRHqRe26Llj6x0MNA==

esbuild-sunos-64@0.14.42:
  version "0.14.42"
  resolved "https://registry.yarnpkg.com/esbuild-sunos-64/-/esbuild-sunos-64-0.14.42.tgz#aa9eec112cd1e7105e7bb37000eca7d460083f8f"
  integrity sha512-uXV8TAZEw36DkgW8Ak3MpSJs1ofBb3Smkc/6pZ29sCAN1KzCAQzsje4sUwugf+FVicrHvlamCOlFZIXgct+iqQ==

esbuild-windows-32@0.14.42:
  version "0.14.42"
  resolved "https://registry.yarnpkg.com/esbuild-windows-32/-/esbuild-windows-32-0.14.42.tgz#c3fc450853c61a74dacc5679de301db23b73e61e"
  integrity sha512-4iw/8qWmRICWi9ZOnJJf9sYt6wmtp3hsN4TdI5NqgjfOkBVMxNdM9Vt3626G1Rda9ya2Q0hjQRD9W1o+m6Lz6g==

esbuild-windows-64@0.14.42:
  version "0.14.42"
  resolved "https://registry.yarnpkg.com/esbuild-windows-64/-/esbuild-windows-64-0.14.42.tgz#b877aa37ff47d9fcf0ccb1ca6a24b31475a5e555"
  integrity sha512-j3cdK+Y3+a5H0wHKmLGTJcq0+/2mMBHPWkItR3vytp/aUGD/ua/t2BLdfBIzbNN9nLCRL9sywCRpOpFMx3CxzA==

esbuild-windows-arm64@0.14.42:
  version "0.14.42"
  resolved "https://registry.yarnpkg.com/esbuild-windows-arm64/-/esbuild-windows-arm64-0.14.42.tgz#79da8744626f24bc016dc40d016950b5a4a2bac5"
  integrity sha512-+lRAARnF+hf8J0mN27ujO+VbhPbDqJ8rCcJKye4y7YZLV6C4n3pTRThAb388k/zqF5uM0lS5O201u0OqoWSicw==

esbuild@^0.14.42:
  version "0.14.42"
  resolved "https://registry.yarnpkg.com/esbuild/-/esbuild-0.14.42.tgz#98587df0b024d5f6341b12a1d735a2bff55e1836"
  integrity sha512-V0uPZotCEHokJdNqyozH6qsaQXqmZEOiZWrXnds/zaH/0SyrIayRXWRB98CENO73MIZ9T3HBIOsmds5twWtmgw==
  optionalDependencies:
    esbuild-android-64 "0.14.42"
    esbuild-android-arm64 "0.14.42"
    esbuild-darwin-64 "0.14.42"
    esbuild-darwin-arm64 "0.14.42"
    esbuild-freebsd-64 "0.14.42"
    esbuild-freebsd-arm64 "0.14.42"
    esbuild-linux-32 "0.14.42"
    esbuild-linux-64 "0.14.42"
    esbuild-linux-arm "0.14.42"
    esbuild-linux-arm64 "0.14.42"
    esbuild-linux-mips64le "0.14.42"
    esbuild-linux-ppc64le "0.14.42"
    esbuild-linux-riscv64 "0.14.42"
    esbuild-linux-s390x "0.14.42"
    esbuild-netbsd-64 "0.14.42"
    esbuild-openbsd-64 "0.14.42"
    esbuild-sunos-64 "0.14.42"
    esbuild-windows-32 "0.14.42"
    esbuild-windows-64 "0.14.42"
    esbuild-windows-arm64 "0.14.42"

typescript@^4.7.2:
  version "4.7.2"
  resolved "https://registry.yarnpkg.com/typescript/-/typescript-4.7.2.tgz#1f9aa2ceb9af87cca227813b4310fff0b51593c4"
  integrity sha512-Mamb1iX2FDUpcTRzltPxgWMKy3fhg0TN378ylbktPGPK/99KbDtMQ4W1hwgsbPAsG3a0xKa1vmw4VKZQbkvz5A==
